
Microsoft Visual Studio Solution File, Format Version 12.00
# Visual Studio 14
VisualStudioVersion = 14.0.23107.0
MinimumVisualStudioVersion = 10.0.40219.1
Project("{FAE04EC0-301F-11D3-BF4B-00C04F79EFBC}") = "Archimedes.Web", "Archimedes.Web\Archimedes.Web.csproj", "{D585E7F8-A8F7-41CA-BC3F-D38D17383505}"
EndProject
Project("{FAE04EC0-301F-11D3-BF4B-00C04F79EFBC}") = "Archimedes.Common", "Archimedes.Common\Archimedes.Common.csproj", "{033CC71E-1671-4282-9F22-D809FA16A13F}"
EndProject
Project("{FAE04EC0-301F-11D3-BF4B-00C04F79EFBC}") = "Archimedes.Common.Tests", "Archimedes.Common.Tests\Archimedes.Common.Tests.csproj", "{F2BB0851-80F9-43CD-829A-C726865824F6}"
EndProject
Project("{FAE04EC0-301F-11D3-BF4B-00C04F79EFBC}") = "Archimedes.Data", "Archimedes.Data\Archimedes.Data.csproj", "{F9855C2F-A6C7-4FEB-9BB6-776E43D1DA91}"
EndProject
Project("{FAE04EC0-301F-11D3-BF4B-00C04F79EFBC}") = "Archimedes.Data.Tests", "Archimedes.Data.Tests\Archimedes.Data.Tests.csproj", "{3057DEE5-A0F0-4A4C-BA30-C004308FB8B7}"
EndProject
Project("{FAE04EC0-301F-11D3-BF4B-00C04F79EFBC}") = "Archimedes.Business", "Archimedes.Business\Archimedes.Business.csproj", "{E967CEB4-B8AC-4C36-98C9-720160576E3F}"
EndProject
Project("{FAE04EC0-301F-11D3-BF4B-00C04F79EFBC}") = "Archimedes.Business.Tests", "Archimedes.Business.Tests\Archimedes.Business.Tests.csproj", "{1EAEBEBE-A5D5-4FF1-8CB9-15D15AC4F99F}"
EndProject
Project("{FAE04EC0-301F-11D3-BF4B-00C04F79EFBC}") = "Archimedes.Console", "Archimedes.Console\Archimedes.Console.csproj", "{702B8433-11D5-43A7-9079-1B7A9735915C}"
EndProject
Global
	GlobalSection(SolutionConfigurationPlatforms) = preSolution
		Debug|Any CPU = Debug|Any CPU
		Release|Any CPU = Release|Any CPU
	EndGlobalSection
	GlobalSection(ProjectConfigurationPlatforms) = postSolution
		{D585E7F8-A8F7-41CA-BC3F-D38D17383505}.Debug|Any CPU.ActiveCfg = Debug|Any CPU
		{D585E7F8-A8F7-41CA-BC3F-D38D17383505}.Debug|Any CPU.Build.0 = Debug|Any CPU
		{D585E7F8-A8F7-41CA-BC3F-D38D17383505}.Release|Any CPU.ActiveCfg = Release|Any CPU
		{D585E7F8-A8F7-41CA-BC3F-D38D17383505}.Release|Any CPU.Build.0 = Release|Any CPU
		{033CC71E-1671-4282-9F22-D809FA16A13F}.Debug|Any CPU.ActiveCfg = Debug|Any CPU
		{033CC71E-1671-4282-9F22-D809FA16A13F}.Debug|Any CPU.Build.0 = Debug|Any CPU
		{033CC71E-1671-4282-9F22-D809FA16A13F}.Release|Any CPU.ActiveCfg = Release|Any CPU
		{033CC71E-1671-4282-9F22-D809FA16A13F}.Release|Any CPU.Build.0 = Release|Any CPU
		{F2BB0851-80F9-43CD-829A-C726865824F6}.Debug|Any CPU.ActiveCfg = Debug|Any CPU
		{F2BB0851-80F9-43CD-829A-C726865824F6}.Debug|Any CPU.Build.0 = Debug|Any CPU
		{F2BB0851-80F9-43CD-829A-C726865824F6}.Release|Any CPU.ActiveCfg = Release|Any CPU
		{F2BB0851-80F9-43CD-829A-C726865824F6}.Release|Any CPU.Build.0 = Release|Any CPU
		{F9855C2F-A6C7-4FEB-9BB6-776E43D1DA91}.Debug|Any CPU.ActiveCfg = Debug|Any CPU
		{F9855C2F-A6C7-4FEB-9BB6-776E43D1DA91}.Debug|Any CPU.Build.0 = Debug|Any CPU
		{F9855C2F-A6C7-4FEB-9BB6-776E43D1DA91}.Release|Any CPU.ActiveCfg = Release|Any CPU
		{F9855C2F-A6C7-4FEB-9BB6-776E43D1DA91}.Release|Any CPU.Build.0 = Release|Any CPU
		{3057DEE5-A0F0-4A4C-BA30-C004308FB8B7}.Debug|Any CPU.ActiveCfg = Debug|Any CPU
		{3057DEE5-A0F0-4A4C-BA30-C004308FB8B7}.Debug|Any CPU.Build.0 = Debug|Any CPU
		{3057DEE5-A0F0-4A4C-BA30-C004308FB8B7}.Release|Any CPU.ActiveCfg = Release|Any CPU
		{3057DEE5-A0F0-4A4C-BA30-C004308FB8B7}.Release|Any CPU.Build.0 = Release|Any CPU
		{E967CEB4-B8AC-4C36-98C9-720160576E3F}.Debug|Any CPU.ActiveCfg = Debug|Any CPU
		{E967CEB4-B8AC-4C36-98C9-720160576E3F}.Debug|Any CPU.Build.0 = Debug|Any CPU
		{E967CEB4-B8AC-4C36-98C9-720160576E3F}.Release|Any CPU.ActiveCfg = Release|Any CPU
		{E967CEB4-B8AC-4C36-98C9-720160576E3F}.Release|Any CPU.Build.0 = Release|Any CPU
		{1EAEBEBE-A5D5-4FF1-8CB9-15D15AC4F99F}.Debug|Any CPU.ActiveCfg = Debug|Any CPU
		{1EAEBEBE-A5D5-4FF1-8CB9-15D15AC4F99F}.Debug|Any CPU.Build.0 = Debug|Any CPU
		{1EAEBEBE-A5D5-4FF1-8CB9-15D15AC4F99F}.Release|Any CPU.ActiveCfg = Release|Any CPU
		{1EAEBEBE-A5D5-4FF1-8CB9-15D15AC4F99F}.Release|Any CPU.Build.0 = Release|Any CPU
		{702B8433-11D5-43A7-9079-1B7A9735915C}.Debug|Any CPU.ActiveCfg = Debug|Any CPU
		{702B8433-11D5-43A7-9079-1B7A9735915C}.Debug|Any CPU.Build.0 = Debug|Any CPU
		{702B8433-11D5-43A7-9079-1B7A9735915C}.Release|Any CPU.ActiveCfg = Release|Any CPU
		{702B8433-11D5-43A7-9079-1B7A9735915C}.Release|Any CPU.Build.0 = Release|Any CPU
	EndGlobalSection
	GlobalSection(SolutionProperties) = preSolution
		HideSolutionNode = FALSE
	EndGlobalSection
EndGlobal
