
Microsoft Visual Studio Solution File, Format Version 12.00
# Visual Studio 2013
VisualStudioVersion = 12.0.30723.0
MinimumVisualStudioVersion = 10.0.40219.1
Project("{FAE04EC0-301F-11D3-BF4B-00C04F79EFBC}") = "Archimedes.Web", "Archimedes.Web\Archimedes.Web.csproj", "{D585E7F8-A8F7-41CA-BC3F-D38D17383505}"
EndProject
Project("{FAE04EC0-301F-11D3-BF4B-00C04F79EFBC}") = "Archimedes.Common", "Archimedes.Common\Archimedes.Common.csproj", "{033CC71E-1671-4282-9F22-D809FA16A13F}"
EndProject
Project("{FAE04EC0-301F-11D3-BF4B-00C04F79EFBC}") = "Archimedes.Common.Tests", "Archimedes.Common.Tests\Archimedes.Common.Tests.csproj", "{F2BB0851-80F9-43CD-829A-C726865824F6}"
EndProject
Global
	GlobalSection(SolutionConfigurationPlatforms) = preSolution
		Debug|Any CPU = Debug|Any CPU
		Release|Any CPU = Release|Any CPU
	EndGlobalSection
	GlobalSection(ProjectConfigurationPlatforms) = postSolution
		{D585E7F8-A8F7-41CA-BC3F-D38D17383505}.Debug|Any CPU.ActiveCfg = Debug|Any CPU
		{D585E7F8-A8F7-41CA-BC3F-D38D17383505}.Debug|Any CPU.Build.0 = Debug|Any CPU
		{D585E7F8-A8F7-41CA-BC3F-D38D17383505}.Release|Any CPU.ActiveCfg = Release|Any CPU
		{D585E7F8-A8F7-41CA-BC3F-D38D17383505}.Release|Any CPU.Build.0 = Release|Any CPU
		{033CC71E-1671-4282-9F22-D809FA16A13F}.Debug|Any CPU.ActiveCfg = Debug|Any CPU
		{033CC71E-1671-4282-9F22-D809FA16A13F}.Debug|Any CPU.Build.0 = Debug|Any CPU
		{033CC71E-1671-4282-9F22-D809FA16A13F}.Release|Any CPU.ActiveCfg = Release|Any CPU
		{033CC71E-1671-4282-9F22-D809FA16A13F}.Release|Any CPU.Build.0 = Release|Any CPU
		{F2BB0851-80F9-43CD-829A-C726865824F6}.Debug|Any CPU.ActiveCfg = Debug|Any CPU
		{F2BB0851-80F9-43CD-829A-C726865824F6}.Debug|Any CPU.Build.0 = Debug|Any CPU
		{F2BB0851-80F9-43CD-829A-C726865824F6}.Release|Any CPU.ActiveCfg = Release|Any CPU
		{F2BB0851-80F9-43CD-829A-C726865824F6}.Release|Any CPU.Build.0 = Release|Any CPU
	EndGlobalSection
	GlobalSection(SolutionProperties) = preSolution
		HideSolutionNode = FALSE
	EndGlobalSection
EndGlobal
